// !$*UTF8*$!
{
	archiveVersion = 1;
	classes = {
	};
	objectVersion = 46;
	objects = {

/* Begin PBXBuildFile section */
		4AE31200195EA67600923143 /* AppDelegate.swift in Sources */ = {isa = PBXBuildFile; fileRef = 4AE311FF195EA67600923143 /* AppDelegate.swift */; };
		4AE31202195EA67600923143 /* ViewController.swift in Sources */ = {isa = PBXBuildFile; fileRef = 4AE31201195EA67600923143 /* ViewController.swift */; };
		4AE31205195EA67600923143 /* Main.storyboard in Resources */ = {isa = PBXBuildFile; fileRef = 4AE31203195EA67600923143 /* Main.storyboard */; };
		4AE31207195EA67600923143 /* Images.xcassets in Resources */ = {isa = PBXBuildFile; fileRef = 4AE31206195EA67600923143 /* Images.xcassets */; };
		4AE31213195EA67600923143 /* TapColorsSwiftTests.swift in Sources */ = {isa = PBXBuildFile; fileRef = 4AE31212195EA67600923143 /* TapColorsSwiftTests.swift */; };
/* End PBXBuildFile section */

/* Begin PBXContainerItemProxy section */
		4AE3120D195EA67600923143 /* PBXContainerItemProxy */ = {
			isa = PBXContainerItemProxy;
			containerPortal = 4AE311F2195EA67600923143 /* Project object */;
			proxyType = 1;
			remoteGlobalIDString = 4AE311F9195EA67600923143;
			remoteInfo = TapColorsSwift;
		};
/* End PBXContainerItemProxy section */

/* Begin PBXFileReference section */
		4AE311FA195EA67600923143 /* TapColorsSwift.app */ = {isa = PBXFileReference; explicitFileType = wrapper.application; includeInIndex = 0; path = TapColorsSwift.app; sourceTree = BUILT_PRODUCTS_DIR; };
		4AE311FE195EA67600923143 /* Info.plist */ = {isa = PBXFileReference; lastKnownFileType = text.plist.xml; path = Info.plist; sourceTree = "<group>"; };
		4AE311FF195EA67600923143 /* AppDelegate.swift */ = {isa = PBXFileReference; lastKnownFileType = sourcecode.swift; path = AppDelegate.swift; sourceTree = "<group>"; };
		4AE31201195EA67600923143 /* ViewController.swift */ = {isa = PBXFileReference; lastKnownFileType = sourcecode.swift; path = ViewController.swift; sourceTree = "<group>"; };
		4AE31204195EA67600923143 /* Base */ = {isa = PBXFileReference; lastKnownFileType = file.storyboard; name = Base; path = Base.lproj/Main.storyboard; sourceTree = "<group>"; };
		4AE31206195EA67600923143 /* Images.xcassets */ = {isa = PBXFileReference; lastKnownFileType = folder.assetcatalog; path = Images.xcassets; sourceTree = "<group>"; };
		4AE3120C195EA67600923143 /* TapColorsSwiftTests.xctest */ = {isa = PBXFileReference; explicitFileType = wrapper.cfbundle; includeInIndex = 0; path = TapColorsSwiftTests.xctest; sourceTree = BUILT_PRODUCTS_DIR; };
		4AE31211195EA67600923143 /* Info.plist */ = {isa = PBXFileReference; lastKnownFileType = text.plist.xml; path = Info.plist; sourceTree = "<group>"; };
		4AE31212195EA67600923143 /* TapColorsSwiftTests.swift */ = {isa = PBXFileReference; lastKnownFileType = sourcecode.swift; path = TapColorsSwiftTests.swift; sourceTree = "<group>"; };
/* End PBXFileReference section */

/* Begin PBXFrameworksBuildPhase section */
		4AE311F7195EA67600923143 /* Frameworks */ = {
			isa = PBXFrameworksBuildPhase;
			buildActionMask = 2147483647;
			files = (
			);
			runOnlyForDeploymentPostprocessing = 0;
		};
		4AE31209195EA67600923143 /* Frameworks */ = {
			isa = PBXFrameworksBuildPhase;
			buildActionMask = 2147483647;
			files = (
			);
			runOnlyForDeploymentPostprocessing = 0;
		};
/* End PBXFrameworksBuildPhase section */

/* Begin PBXGroup section */
		4AE311F1195EA67600923143 = {
			isa = PBXGroup;
			children = (
				4AE311FC195EA67600923143 /* TapColorsSwift */,
				4AE3120F195EA67600923143 /* TapColorsSwiftTests */,
				4AE311FB195EA67600923143 /* Products */,
			);
			sourceTree = "<group>";
		};
		4AE311FB195EA67600923143 /* Products */ = {
			isa = PBXGroup;
			children = (
				4AE311FA195EA67600923143 /* TapColorsSwift.app */,
				4AE3120C195EA67600923143 /* TapColorsSwiftTests.xctest */,
			);
			name = Products;
			sourceTree = "<group>";
		};
		4AE311FC195EA67600923143 /* TapColorsSwift */ = {
			isa = PBXGroup;
			children = (
				4AE311FF195EA67600923143 /* AppDelegate.swift */,
				4AE31201195EA67600923143 /* ViewController.swift */,
				4AE31203195EA67600923143 /* Main.storyboard */,
				4AE31206195EA67600923143 /* Images.xcassets */,
				4AE311FD195EA67600923143 /* Supporting Files */,
			);
			path = TapColorsSwift;
			sourceTree = "<group>";
		};
		4AE311FD195EA67600923143 /* Supporting Files */ = {
			isa = PBXGroup;
			children = (
				4AE311FE195EA67600923143 /* Info.plist */,
			);
			name = "Supporting Files";
			sourceTree = "<group>";
		};
		4AE3120F195EA67600923143 /* TapColorsSwiftTests */ = {
			isa = PBXGroup;
			children = (
				4AE31212195EA67600923143 /* TapColorsSwiftTests.swift */,
				4AE31210195EA67600923143 /* Supporting Files */,
			);
			path = TapColorsSwiftTests;
			sourceTree = "<group>";
		};
		4AE31210195EA67600923143 /* Supporting Files */ = {
			isa = PBXGroup;
			children = (
				4AE31211195EA67600923143 /* Info.plist */,
			);
			name = "Supporting Files";
			sourceTree = "<group>";
		};
/* End PBXGroup section */

/* Begin PBXNativeTarget section */
		4AE311F9195EA67600923143 /* TapColorsSwift */ = {
			isa = PBXNativeTarget;
			buildConfigurationList = 4AE31216195EA67600923143 /* Build configuration list for PBXNativeTarget "TapColorsSwift" */;
			buildPhases = (
				4AE311F6195EA67600923143 /* Sources */,
				4AE311F7195EA67600923143 /* Frameworks */,
				4AE311F8195EA67600923143 /* Resources */,
			);
			buildRules = (
			);
			dependencies = (
			);
			name = TapColorsSwift;
			productName = TapColorsSwift;
			productReference = 4AE311FA195EA67600923143 /* TapColorsSwift.app */;
			productType = "com.apple.product-type.application";
		};
		4AE3120B195EA67600923143 /* TapColorsSwiftTests */ = {
			isa = PBXNativeTarget;
			buildConfigurationList = 4AE31219195EA67600923143 /* Build configuration list for PBXNativeTarget "TapColorsSwiftTests" */;
			buildPhases = (
				4AE31208195EA67600923143 /* Sources */,
				4AE31209195EA67600923143 /* Frameworks */,
				4AE3120A195EA67600923143 /* Resources */,
			);
			buildRules = (
			);
			dependencies = (
				4AE3120E195EA67600923143 /* PBXTargetDependency */,
			);
			name = TapColorsSwiftTests;
			productName = TapColorsSwiftTests;
			productReference = 4AE3120C195EA67600923143 /* TapColorsSwiftTests.xctest */;
			productType = "com.apple.product-type.bundle.unit-test";
		};
/* End PBXNativeTarget section */

/* Begin PBXProject section */
		4AE311F2195EA67600923143 /* Project object */ = {
			isa = PBXProject;
			attributes = {
				LastUpgradeCheck = 0600;
				ORGANIZATIONNAME = Tommy;
				TargetAttributes = {
					4AE311F9195EA67600923143 = {
						CreatedOnToolsVersion = 6.0;
					};
					4AE3120B195EA67600923143 = {
						CreatedOnToolsVersion = 6.0;
						TestTargetID = 4AE311F9195EA67600923143;
					};
				};
			};
			buildConfigurationList = 4AE311F5195EA67600923143 /* Build configuration list for PBXProject "TapColorsSwift" */;
			compatibilityVersion = "Xcode 3.2";
			developmentRegion = English;
			hasScannedForEncodings = 0;
			knownRegions = (
				en,
				Base,
			);
			mainGroup = 4AE311F1195EA67600923143;
			productRefGroup = 4AE311FB195EA67600923143 /* Products */;
			projectDirPath = "";
			projectRoot = "";
			targets = (
				4AE311F9195EA67600923143 /* TapColorsSwift */,
				4AE3120B195EA67600923143 /* TapColorsSwiftTests */,
			);
		};
/* End PBXProject section */

/* Begin PBXResourcesBuildPhase section */
		4AE311F8195EA67600923143 /* Resources */ = {
			isa = PBXResourcesBuildPhase;
			buildActionMask = 2147483647;
			files = (
				4AE31205195EA67600923143 /* Main.storyboard in Resources */,
				4AE31207195EA67600923143 /* Images.xcassets in Resources */,
			);
			runOnlyForDeploymentPostprocessing = 0;
		};
		4AE3120A195EA67600923143 /* Resources */ = {
			isa = PBXResourcesBuildPhase;
			buildActionMask = 2147483647;
			files = (
			);
			runOnlyForDeploymentPostprocessing = 0;
		};
/* End PBXResourcesBuildPhase section */

/* Begin PBXSourcesBuildPhase section */
		4AE311F6195EA67600923143 /* Sources */ = {
			isa = PBXSourcesBuildPhase;
			buildActionMask = 2147483647;
			files = (
				4AE31202195EA67600923143 /* ViewController.swift in Sources */,
				4AE31200195EA67600923143 /* AppDelegate.swift in Sources */,
			);
			runOnlyForDeploymentPostprocessing = 0;
		};
		4AE31208195EA67600923143 /* Sources */ = {
			isa = PBXSourcesBuildPhase;
			buildActionMask = 2147483647;
			files = (
				4AE31213195EA67600923143 /* TapColorsSwiftTests.swift in Sources */,
			);
			runOnlyForDeploymentPostprocessing = 0;
		};
/* End PBXSourcesBuildPhase section */

/* Begin PBXTargetDependency section */
		4AE3120E195EA67600923143 /* PBXTargetDependency */ = {
			isa = PBXTargetDependency;
			target = 4AE311F9195EA67600923143 /* TapColorsSwift */;
			targetProxy = 4AE3120D195EA67600923143 /* PBXContainerItemProxy */;
		};
/* End PBXTargetDependency section */

/* Begin PBXVariantGroup section */
		4AE31203195EA67600923143 /* Main.storyboard */ = {
			isa = PBXVariantGroup;
			children = (
				4AE31204195EA67600923143 /* Base */,
			);
			name = Main.storyboard;
			sourceTree = "<group>";
		};
/* End PBXVariantGroup section */

/* Begin XCBuildConfiguration section */
		4AE31214195EA67600923143 /* Debug */ = {
			isa = XCBuildConfiguration;
			buildSettings = {
				ALWAYS_SEARCH_USER_PATHS = NO;
				CLANG_CXX_LANGUAGE_STANDARD = "gnu++0x";
				CLANG_CXX_LIBRARY = "libc++";
				CLANG_ENABLE_MODULES = YES;
				CLANG_ENABLE_OBJC_ARC = YES;
				CLANG_WARN_BOOL_CONVERSION = YES;
				CLANG_WARN_CONSTANT_CONVERSION = YES;
				CLANG_WARN_DIRECT_OBJC_ISA_USAGE = YES_ERROR;
				CLANG_WARN_EMPTY_BODY = YES;
				CLANG_WARN_ENUM_CONVERSION = YES;
				CLANG_WARN_INT_CONVERSION = YES;
				CLANG_WARN_OBJC_ROOT_CLASS = YES_ERROR;
				CLANG_WARN_UNREACHABLE_CODE = YES;
				CLANG_WARN__DUPLICATE_METHOD_MATCH = YES;
				"CODE_SIGN_IDENTITY[sdk=iphoneos*]" = "iPhone Developer";
				COPY_PHASE_STRIP = NO;
				ENABLE_STRICT_OBJC_MSGSEND = YES;
				GCC_C_LANGUAGE_STANDARD = gnu99;
				GCC_DYNAMIC_NO_PIC = NO;
				GCC_OPTIMIZATION_LEVEL = 0;
				GCC_PREPROCESSOR_DEFINITIONS = (
					"DEBUG=1",
					"$(inherited)",
				);
				GCC_SYMBOLS_PRIVATE_EXTERN = NO;
				GCC_WARN_64_TO_32_BIT_CONVERSION = YES;
				GCC_WARN_ABOUT_RETURN_TYPE = YES_ERROR;
				GCC_WARN_UNDECLARED_SELECTOR = YES;
				GCC_WARN_UNINITIALIZED_AUTOS = YES_AGGRESSIVE;
				GCC_WARN_UNUSED_FUNCTION = YES;
				GCC_WARN_UNUSED_VARIABLE = YES;
				IPHONEOS_DEPLOYMENT_TARGET = 8.0;
				METAL_ENABLE_DEBUG_INFO = YES;
				ONLY_ACTIVE_ARCH = YES;
				SDKROOT = iphoneos;
				SWIFT_OPTIMIZATION_LEVEL = "-Onone";
			};
			name = Debug;
		};
		4AE31215195EA67600923143 /* Release */ = {
			isa = XCBuildConfiguration;
			buildSettings = {
				ALWAYS_SEARCH_USER_PATHS = NO;
				CLANG_CXX_LANGUAGE_STANDARD = "gnu++0x";
				CLANG_CXX_LIBRARY = "libc++";
				CLANG_ENABLE_MODULES = YES;
				CLANG_ENABLE_OBJC_ARC = YES;
				CLANG_WARN_BOOL_CONVERSION = YES;
				CLANG_WARN_CONSTANT_CONVERSION = YES;
				CLANG_WARN_DIRECT_OBJC_ISA_USAGE = YES_ERROR;
				CLANG_WARN_EMPTY_BODY = YES;
				CLANG_WARN_ENUM_CONVERSION = YES;
				CLANG_WARN_INT_CONVERSION = YES;
				CLANG_WARN_OBJC_ROOT_CLASS = YES_ERROR;
				CLANG_WARN_UNREACHABLE_CODE = YES;
				CLANG_WARN__DUPLICATE_METHOD_MATCH = YES;
				"CODE_SIGN_IDENTITY[sdk=iphoneos*]" = "iPhone Developer";
				COPY_PHASE_STRIP = YES;
				ENABLE_NS_ASSERTIONS = NO;
				ENABLE_STRICT_OBJC_MSGSEND = YES;
				GCC_C_LANGUAGE_STANDARD = gnu99;
				GCC_WARN_64_TO_32_BIT_CONVERSION = YES;
				GCC_WARN_ABOUT_RETURN_TYPE = YES_ERROR;
				GCC_WARN_UNDECLARED_SELECTOR = YES;
				GCC_WARN_UNINITIALIZED_AUTOS = YES_AGGRESSIVE;
				GCC_WARN_UNUSED_FUNCTION = YES;
				GCC_WARN_UNUSED_VARIABLE = YES;
				IPHONEOS_DEPLOYMENT_TARGET = 8.0;
				METAL_ENABLE_DEBUG_INFO = NO;
				SDKROOT = iphoneos;
				VALIDATE_PRODUCT = YES;
			};
			name = Release;
		};
		4AE31217195EA67600923143 /* Debug */ = {
			isa = XCBuildConfiguration;
			buildSettings = {
				ASSETCATALOG_COMPILER_APPICON_NAME = AppIcon;
				ASSETCATALOG_COMPILER_LAUNCHIMAGE_NAME = LaunchImage;
				INFOPLIST_FILE = TapColorsSwift/Info.plist;
				LD_RUNPATH_SEARCH_PATHS = "$(inherited) @executable_path/Frameworks";
				PRODUCT_NAME = "$(TARGET_NAME)";
			};
			name = Debug;
		};
		4AE31218195EA67600923143 /* Release */ = {
			isa = XCBuildConfiguration;
			buildSettings = {
				ASSETCATALOG_COMPILER_APPICON_NAME = AppIcon;
				ASSETCATALOG_COMPILER_LAUNCHIMAGE_NAME = LaunchImage;
				INFOPLIST_FILE = TapColorsSwift/Info.plist;
				LD_RUNPATH_SEARCH_PATHS = "$(inherited) @executable_path/Frameworks";
				PRODUCT_NAME = "$(TARGET_NAME)";
			};
			name = Release;
		};
		4AE3121A195EA67600923143 /* Debug */ = {
			isa = XCBuildConfiguration;
			buildSettings = {
				BUNDLE_LOADER = "$(BUILT_PRODUCTS_DIR)/TapColorsSwift.app/TapColorsSwift";
				FRAMEWORK_SEARCH_PATHS = (
					"$(SDKROOT)/Developer/Library/Frameworks",
					"$(inherited)",
				);
				GCC_PREPROCESSOR_DEFINITIONS = (
					"DEBUG=1",
					"$(inherited)",
				);
				INFOPLIST_FILE = TapColorsSwiftTests/Info.plist;
				LD_RUNPATH_SEARCH_PATHS = "$(inherited) @executable_path/Frameworks @loader_path/Frameworks";
				METAL_ENABLE_DEBUG_INFO = YES;
				PRODUCT_NAME = "$(TARGET_NAME)";
				TEST_HOST = "$(BUNDLE_LOADER)";
			};
			name = Debug;
		};
		4AE3121B195EA67600923143 /* Release */ = {
			isa = XCBuildConfiguration;
			buildSettings = {
				BUNDLE_LOADER = "$(BUILT_PRODUCTS_DIR)/TapColorsSwift.app/TapColorsSwift";
				FRAMEWORK_SEARCH_PATHS = (
					"$(SDKROOT)/Developer/Library/Frameworks",
					"$(inherited)",
				);
				INFOPLIST_FILE = TapColorsSwiftTests/Info.plist;
				LD_RUNPATH_SEARCH_PATHS = "$(inherited) @executable_path/Frameworks @loader_path/Frameworks";
				METAL_ENABLE_DEBUG_INFO = NO;
				PRODUCT_NAME = "$(TARGET_NAME)";
				TEST_HOST = "$(BUNDLE_LOADER)";
			};
			name = Release;
		};
/* End XCBuildConfiguration section */

/* Begin XCConfigurationList section */
		4AE311F5195EA67600923143 /* Build configuration list for PBXProject "TapColorsSwift" */ = {
			isa = XCConfigurationList;
			buildConfigurations = (
				4AE31214195EA67600923143 /* Debug */,
				4AE31215195EA67600923143 /* Release */,
			);
			defaultConfigurationIsVisible = 0;
			defaultConfigurationName = Release;
		};
		4AE31216195EA67600923143 /* Build configuration list for PBXNativeTarget "TapColorsSwift" */ = {
			isa = XCConfigurationList;
			buildConfigurations = (
				4AE31217195EA67600923143 /* Debug */,
				4AE31218195EA67600923143 /* Release */,
			);
			defaultConfigurationIsVisible = 0;
		};
		4AE31219195EA67600923143 /* Build configuration list for PBXNativeTarget "TapColorsSwiftTests" */ = {
			isa = XCConfigurationList;
			buildConfigurations = (
				4AE3121A195EA67600923143 /* Debug */,
				4AE3121B195EA67600923143 /* Release */,
			);
			defaultConfigurationIsVisible = 0;
		};
/* End XCConfigurationList section */
	};
	rootObject = 4AE311F2195EA67600923143 /* Project object */;
}
